
Microsoft Visual Studio Solution File, Format Version 12.00
# Visual Studio Version 16
VisualStudioVersion = 16.0.30204.135
MinimumVisualStudioVersion = 10.0.40219.1
Project("{FAE04EC0-301F-11D3-BF4B-00C04F79EFBC}") = "SwitchelPWA", "SwitchelPWA\SwitchelPWA.csproj", "{D0AAF31D-0AF2-4D47-BB94-138814C50811}"
EndProject
Global
	GlobalSection(SolutionConfigurationPlatforms) = preSolution
		Debug|Any CPU = Debug|Any CPU
		Release|Any CPU = Release|Any CPU
	EndGlobalSection
	GlobalSection(ProjectConfigurationPlatforms) = postSolution
		{D0AAF31D-0AF2-4D47-BB94-138814C50811}.Debug|Any CPU.ActiveCfg = Debug|Any CPU
		{D0AAF31D-0AF2-4D47-BB94-138814C50811}.Debug|Any CPU.Build.0 = Debug|Any CPU
		{D0AAF31D-0AF2-4D47-BB94-138814C50811}.Release|Any CPU.ActiveCfg = Release|Any CPU
		{D0AAF31D-0AF2-4D47-BB94-138814C50811}.Release|Any CPU.Build.0 = Release|Any CPU
	EndGlobalSection
	GlobalSection(SolutionProperties) = preSolution
		HideSolutionNode = FALSE
	EndGlobalSection
	GlobalSection(ExtensibilityGlobals) = postSolution
		SolutionGuid = {12D2B296-03A6-495A-BE2E-39FC41191337}
	EndGlobalSection
EndGlobal
